// !$*UTF8*$!
{
	archiveVersion = 1;
	classes = {
	};
	objectVersion = 56;
	objects = {

/* Begin PBXBuildFile section */
		E2CF9F122C4EA7F000264734 /* AppDelegate.swift in Sources */ = {isa = PBXBuildFile; fileRef = E2CF9F112C4EA7F000264734 /* AppDelegate.swift */; };
		E2CF9F142C4EA7F000264734 /* SceneDelegate.swift in Sources */ = {isa = PBXBuildFile; fileRef = E2CF9F132C4EA7F000264734 /* SceneDelegate.swift */; };
		E2CF9F1B2C4EA7F200264734 /* Assets.xcassets in Resources */ = {isa = PBXBuildFile; fileRef = E2CF9F1A2C4EA7F200264734 /* Assets.xcassets */; };
		E2CF9F262C4EB92900264734 /* SplashScreenViewController.swift in Sources */ = {isa = PBXBuildFile; fileRef = E2CF9F252C4EB92900264734 /* SplashScreenViewController.swift */; };
		E2CF9F292C4EB93A00264734 /* SplashScreenView.swift in Sources */ = {isa = PBXBuildFile; fileRef = E2CF9F282C4EB93A00264734 /* SplashScreenView.swift */; };
		E2CF9F2D2C4EB98E00264734 /* Constants.swift in Sources */ = {isa = PBXBuildFile; fileRef = E2CF9F2C2C4EB98E00264734 /* Constants.swift */; };
		E2CF9F2F2C4EBB0500264734 /* UIColor + Extension.swift in Sources */ = {isa = PBXBuildFile; fileRef = E2CF9F2E2C4EBB0500264734 /* UIColor + Extension.swift */; };
		E2CF9F322C4EBDCD00264734 /* MainView.swift in Sources */ = {isa = PBXBuildFile; fileRef = E2CF9F312C4EBDCD00264734 /* MainView.swift */; };
		E2CF9F342C4EBDD800264734 /* MainViewController.swift in Sources */ = {isa = PBXBuildFile; fileRef = E2CF9F332C4EBDD800264734 /* MainViewController.swift */; };
		E2CF9F372C4EC1C700264734 /* WeatherCell.swift in Sources */ = {isa = PBXBuildFile; fileRef = E2CF9F362C4EC1C700264734 /* WeatherCell.swift */; };
		E2CF9F392C4EC1FE00264734 /* CollectionView+ Extension.swift in Sources */ = {isa = PBXBuildFile; fileRef = E2CF9F382C4EC1FE00264734 /* CollectionView+ Extension.swift */; };
		E2CF9F3B2C4EC4F600264734 /* WeatherModel.swift in Sources */ = {isa = PBXBuildFile; fileRef = E2CF9F3A2C4EC4F600264734 /* WeatherModel.swift */; };
		E2CF9F3D2C4EC5D200264734 /* WeatherViewModel.swift in Sources */ = {isa = PBXBuildFile; fileRef = E2CF9F3C2C4EC5D200264734 /* WeatherViewModel.swift */; };
/* End PBXBuildFile section */

/* Begin PBXFileReference section */
		E2CF9F0E2C4EA7F000264734 /* VK_WeatherApp.app */ = {isa = PBXFileReference; explicitFileType = wrapper.application; includeInIndex = 0; path = VK_WeatherApp.app; sourceTree = BUILT_PRODUCTS_DIR; };
		E2CF9F112C4EA7F000264734 /* AppDelegate.swift */ = {isa = PBXFileReference; lastKnownFileType = sourcecode.swift; path = AppDelegate.swift; sourceTree = "<group>"; };
		E2CF9F132C4EA7F000264734 /* SceneDelegate.swift */ = {isa = PBXFileReference; lastKnownFileType = sourcecode.swift; path = SceneDelegate.swift; sourceTree = "<group>"; };
		E2CF9F1A2C4EA7F200264734 /* Assets.xcassets */ = {isa = PBXFileReference; lastKnownFileType = folder.assetcatalog; path = Assets.xcassets; sourceTree = "<group>"; };
		E2CF9F1F2C4EA7F200264734 /* Info.plist */ = {isa = PBXFileReference; lastKnownFileType = text.plist.xml; path = Info.plist; sourceTree = "<group>"; };
		E2CF9F252C4EB92900264734 /* SplashScreenViewController.swift */ = {isa = PBXFileReference; lastKnownFileType = sourcecode.swift; path = SplashScreenViewController.swift; sourceTree = "<group>"; };
		E2CF9F282C4EB93A00264734 /* SplashScreenView.swift */ = {isa = PBXFileReference; lastKnownFileType = sourcecode.swift; path = SplashScreenView.swift; sourceTree = "<group>"; };
		E2CF9F2C2C4EB98E00264734 /* Constants.swift */ = {isa = PBXFileReference; lastKnownFileType = sourcecode.swift; path = Constants.swift; sourceTree = "<group>"; };
		E2CF9F2E2C4EBB0500264734 /* UIColor + Extension.swift */ = {isa = PBXFileReference; lastKnownFileType = sourcecode.swift; path = "UIColor + Extension.swift"; sourceTree = "<group>"; };
		E2CF9F312C4EBDCD00264734 /* MainView.swift */ = {isa = PBXFileReference; lastKnownFileType = sourcecode.swift; path = MainView.swift; sourceTree = "<group>"; };
		E2CF9F332C4EBDD800264734 /* MainViewController.swift */ = {isa = PBXFileReference; lastKnownFileType = sourcecode.swift; path = MainViewController.swift; sourceTree = "<group>"; };
		E2CF9F362C4EC1C700264734 /* WeatherCell.swift */ = {isa = PBXFileReference; lastKnownFileType = sourcecode.swift; path = WeatherCell.swift; sourceTree = "<group>"; };
		E2CF9F382C4EC1FE00264734 /* CollectionView+ Extension.swift */ = {isa = PBXFileReference; lastKnownFileType = sourcecode.swift; path = "CollectionView+ Extension.swift"; sourceTree = "<group>"; };
		E2CF9F3A2C4EC4F600264734 /* WeatherModel.swift */ = {isa = PBXFileReference; lastKnownFileType = sourcecode.swift; path = WeatherModel.swift; sourceTree = "<group>"; };
		E2CF9F3C2C4EC5D200264734 /* WeatherViewModel.swift */ = {isa = PBXFileReference; lastKnownFileType = sourcecode.swift; path = WeatherViewModel.swift; sourceTree = "<group>"; };
/* End PBXFileReference section */

/* Begin PBXFrameworksBuildPhase section */
		E2CF9F0B2C4EA7F000264734 /* Frameworks */ = {
			isa = PBXFrameworksBuildPhase;
			buildActionMask = 2147483647;
			files = (
			);
			runOnlyForDeploymentPostprocessing = 0;
		};
/* End PBXFrameworksBuildPhase section */

/* Begin PBXGroup section */
		E2CF9F052C4EA7F000264734 = {
			isa = PBXGroup;
			children = (
				E2CF9F102C4EA7F000264734 /* VK_WeatherApp */,
				E2CF9F0F2C4EA7F000264734 /* Products */,
			);
			sourceTree = "<group>";
		};
		E2CF9F0F2C4EA7F000264734 /* Products */ = {
			isa = PBXGroup;
			children = (
				E2CF9F0E2C4EA7F000264734 /* VK_WeatherApp.app */,
			);
			name = Products;
			sourceTree = "<group>";
		};
		E2CF9F102C4EA7F000264734 /* VK_WeatherApp */ = {
			isa = PBXGroup;
			children = (
				E2CF9F302C4EBDC200264734 /* Main */,
				E2CF9F2B2C4EB96100264734 /* Support */,
				E2CF9F2A2C4EB95900264734 /* Utilities */,
				E2CF9F272C4EB92D00264734 /* SplashScreen */,
				E2CF9F1F2C4EA7F200264734 /* Info.plist */,
			);
			path = VK_WeatherApp;
			sourceTree = "<group>";
		};
		E2CF9F272C4EB92D00264734 /* SplashScreen */ = {
			isa = PBXGroup;
			children = (
				E2CF9F252C4EB92900264734 /* SplashScreenViewController.swift */,
				E2CF9F282C4EB93A00264734 /* SplashScreenView.swift */,
			);
			path = SplashScreen;
			sourceTree = "<group>";
		};
		E2CF9F2A2C4EB95900264734 /* Utilities */ = {
			isa = PBXGroup;
			children = (
				E2CF9F2C2C4EB98E00264734 /* Constants.swift */,
				E2CF9F2E2C4EBB0500264734 /* UIColor + Extension.swift */,
				E2CF9F382C4EC1FE00264734 /* CollectionView+ Extension.swift */,
			);
			path = Utilities;
			sourceTree = "<group>";
		};
		E2CF9F2B2C4EB96100264734 /* Support */ = {
			isa = PBXGroup;
			children = (
				E2CF9F112C4EA7F000264734 /* AppDelegate.swift */,
				E2CF9F132C4EA7F000264734 /* SceneDelegate.swift */,
				E2CF9F1A2C4EA7F200264734 /* Assets.xcassets */,
			);
			path = Support;
			sourceTree = "<group>";
		};
		E2CF9F302C4EBDC200264734 /* Main */ = {
			isa = PBXGroup;
			children = (
				E2CF9F3E2C4EC5DD00264734 /* Weather */,
				E2CF9F312C4EBDCD00264734 /* MainView.swift */,
				E2CF9F332C4EBDD800264734 /* MainViewController.swift */,
			);
			path = Main;
			sourceTree = "<group>";
		};
		E2CF9F3E2C4EC5DD00264734 /* Weather */ = {
			isa = PBXGroup;
			children = (
				E2CF9F362C4EC1C700264734 /* WeatherCell.swift */,
				E2CF9F3A2C4EC4F600264734 /* WeatherModel.swift */,
				E2CF9F3C2C4EC5D200264734 /* WeatherViewModel.swift */,
			);
			path = Weather;
			sourceTree = "<group>";
		};
/* End PBXGroup section */

/* Begin PBXNativeTarget section */
		E2CF9F0D2C4EA7F000264734 /* VK_WeatherApp */ = {
			isa = PBXNativeTarget;
			buildConfigurationList = E2CF9F222C4EA7F200264734 /* Build configuration list for PBXNativeTarget "VK_WeatherApp" */;
			buildPhases = (
				E2CF9F0A2C4EA7F000264734 /* Sources */,
				E2CF9F0B2C4EA7F000264734 /* Frameworks */,
				E2CF9F0C2C4EA7F000264734 /* Resources */,
			);
			buildRules = (
			);
			dependencies = (
			);
			name = VK_WeatherApp;
			productName = VK_WeatherApp;
			productReference = E2CF9F0E2C4EA7F000264734 /* VK_WeatherApp.app */;
			productType = "com.apple.product-type.application";
		};
/* End PBXNativeTarget section */

/* Begin PBXProject section */
		E2CF9F062C4EA7F000264734 /* Project object */ = {
			isa = PBXProject;
			attributes = {
				BuildIndependentTargetsInParallel = 1;
				LastSwiftUpdateCheck = 1520;
				LastUpgradeCheck = 1520;
				TargetAttributes = {
					E2CF9F0D2C4EA7F000264734 = {
						CreatedOnToolsVersion = 15.2;
					};
				};
			};
			buildConfigurationList = E2CF9F092C4EA7F000264734 /* Build configuration list for PBXProject "VK_WeatherApp" */;
			compatibilityVersion = "Xcode 14.0";
			developmentRegion = en;
			hasScannedForEncodings = 0;
			knownRegions = (
				en,
				Base,
			);
			mainGroup = E2CF9F052C4EA7F000264734;
			productRefGroup = E2CF9F0F2C4EA7F000264734 /* Products */;
			projectDirPath = "";
			projectRoot = "";
			targets = (
				E2CF9F0D2C4EA7F000264734 /* VK_WeatherApp */,
			);
		};
/* End PBXProject section */

/* Begin PBXResourcesBuildPhase section */
		E2CF9F0C2C4EA7F000264734 /* Resources */ = {
			isa = PBXResourcesBuildPhase;
			buildActionMask = 2147483647;
			files = (
				E2CF9F1B2C4EA7F200264734 /* Assets.xcassets in Resources */,
			);
			runOnlyForDeploymentPostprocessing = 0;
		};
/* End PBXResourcesBuildPhase section */

/* Begin PBXSourcesBuildPhase section */
		E2CF9F0A2C4EA7F000264734 /* Sources */ = {
			isa = PBXSourcesBuildPhase;
			buildActionMask = 2147483647;
			files = (
				E2CF9F2D2C4EB98E00264734 /* Constants.swift in Sources */,
				E2CF9F3D2C4EC5D200264734 /* WeatherViewModel.swift in Sources */,
				E2CF9F322C4EBDCD00264734 /* MainView.swift in Sources */,
				E2CF9F372C4EC1C700264734 /* WeatherCell.swift in Sources */,
				E2CF9F122C4EA7F000264734 /* AppDelegate.swift in Sources */,
				E2CF9F292C4EB93A00264734 /* SplashScreenView.swift in Sources */,
				E2CF9F2F2C4EBB0500264734 /* UIColor + Extension.swift in Sources */,
				E2CF9F262C4EB92900264734 /* SplashScreenViewController.swift in Sources */,
				E2CF9F142C4EA7F000264734 /* SceneDelegate.swift in Sources */,
				E2CF9F3B2C4EC4F600264734 /* WeatherModel.swift in Sources */,
				E2CF9F392C4EC1FE00264734 /* CollectionView+ Extension.swift in Sources */,
				E2CF9F342C4EBDD800264734 /* MainViewController.swift in Sources */,
			);
			runOnlyForDeploymentPostprocessing = 0;
		};
/* End PBXSourcesBuildPhase section */

/* Begin XCBuildConfiguration section */
		E2CF9F202C4EA7F200264734 /* Debug */ = {
			isa = XCBuildConfiguration;
			buildSettings = {
				ALWAYS_SEARCH_USER_PATHS = NO;
				ASSETCATALOG_COMPILER_GENERATE_SWIFT_ASSET_SYMBOL_EXTENSIONS = YES;
				CLANG_ANALYZER_NONNULL = YES;
				CLANG_ANALYZER_NUMBER_OBJECT_CONVERSION = YES_AGGRESSIVE;
				CLANG_CXX_LANGUAGE_STANDARD = "gnu++20";
				CLANG_ENABLE_MODULES = YES;
				CLANG_ENABLE_OBJC_ARC = YES;
				CLANG_ENABLE_OBJC_WEAK = YES;
				CLANG_WARN_BLOCK_CAPTURE_AUTORELEASING = YES;
				CLANG_WARN_BOOL_CONVERSION = YES;
				CLANG_WARN_COMMA = YES;
				CLANG_WARN_CONSTANT_CONVERSION = YES;
				CLANG_WARN_DEPRECATED_OBJC_IMPLEMENTATIONS = YES;
				CLANG_WARN_DIRECT_OBJC_ISA_USAGE = YES_ERROR;
				CLANG_WARN_DOCUMENTATION_COMMENTS = YES;
				CLANG_WARN_EMPTY_BODY = YES;
				CLANG_WARN_ENUM_CONVERSION = YES;
				CLANG_WARN_INFINITE_RECURSION = YES;
				CLANG_WARN_INT_CONVERSION = YES;
				CLANG_WARN_NON_LITERAL_NULL_CONVERSION = YES;
				CLANG_WARN_OBJC_IMPLICIT_RETAIN_SELF = YES;
				CLANG_WARN_OBJC_LITERAL_CONVERSION = YES;
				CLANG_WARN_OBJC_ROOT_CLASS = YES_ERROR;
				CLANG_WARN_QUOTED_INCLUDE_IN_FRAMEWORK_HEADER = YES;
				CLANG_WARN_RANGE_LOOP_ANALYSIS = YES;
				CLANG_WARN_STRICT_PROTOTYPES = YES;
				CLANG_WARN_SUSPICIOUS_MOVE = YES;
				CLANG_WARN_UNGUARDED_AVAILABILITY = YES_AGGRESSIVE;
				CLANG_WARN_UNREACHABLE_CODE = YES;
				CLANG_WARN__DUPLICATE_METHOD_MATCH = YES;
				COPY_PHASE_STRIP = NO;
				DEBUG_INFORMATION_FORMAT = dwarf;
				ENABLE_STRICT_OBJC_MSGSEND = YES;
				ENABLE_TESTABILITY = YES;
				ENABLE_USER_SCRIPT_SANDBOXING = YES;
				GCC_C_LANGUAGE_STANDARD = gnu17;
				GCC_DYNAMIC_NO_PIC = NO;
				GCC_NO_COMMON_BLOCKS = YES;
				GCC_OPTIMIZATION_LEVEL = 0;
				GCC_PREPROCESSOR_DEFINITIONS = (
					"DEBUG=1",
					"$(inherited)",
				);
				GCC_WARN_64_TO_32_BIT_CONVERSION = YES;
				GCC_WARN_ABOUT_RETURN_TYPE = YES_ERROR;
				GCC_WARN_UNDECLARED_SELECTOR = YES;
				GCC_WARN_UNINITIALIZED_AUTOS = YES_AGGRESSIVE;
				GCC_WARN_UNUSED_FUNCTION = YES;
				GCC_WARN_UNUSED_VARIABLE = YES;
				IPHONEOS_DEPLOYMENT_TARGET = 17.2;
				LOCALIZATION_PREFERS_STRING_CATALOGS = YES;
				MTL_ENABLE_DEBUG_INFO = INCLUDE_SOURCE;
				MTL_FAST_MATH = YES;
				ONLY_ACTIVE_ARCH = YES;
				SDKROOT = iphoneos;
				SWIFT_ACTIVE_COMPILATION_CONDITIONS = "DEBUG $(inherited)";
				SWIFT_OPTIMIZATION_LEVEL = "-Onone";
			};
			name = Debug;
		};
		E2CF9F212C4EA7F200264734 /* Release */ = {
			isa = XCBuildConfiguration;
			buildSettings = {
				ALWAYS_SEARCH_USER_PATHS = NO;
				ASSETCATALOG_COMPILER_GENERATE_SWIFT_ASSET_SYMBOL_EXTENSIONS = YES;
				CLANG_ANALYZER_NONNULL = YES;
				CLANG_ANALYZER_NUMBER_OBJECT_CONVERSION = YES_AGGRESSIVE;
				CLANG_CXX_LANGUAGE_STANDARD = "gnu++20";
				CLANG_ENABLE_MODULES = YES;
				CLANG_ENABLE_OBJC_ARC = YES;
				CLANG_ENABLE_OBJC_WEAK = YES;
				CLANG_WARN_BLOCK_CAPTURE_AUTORELEASING = YES;
				CLANG_WARN_BOOL_CONVERSION = YES;
				CLANG_WARN_COMMA = YES;
				CLANG_WARN_CONSTANT_CONVERSION = YES;
				CLANG_WARN_DEPRECATED_OBJC_IMPLEMENTATIONS = YES;
				CLANG_WARN_DIRECT_OBJC_ISA_USAGE = YES_ERROR;
				CLANG_WARN_DOCUMENTATION_COMMENTS = YES;
				CLANG_WARN_EMPTY_BODY = YES;
				CLANG_WARN_ENUM_CONVERSION = YES;
				CLANG_WARN_INFINITE_RECURSION = YES;
				CLANG_WARN_INT_CONVERSION = YES;
				CLANG_WARN_NON_LITERAL_NULL_CONVERSION = YES;
				CLANG_WARN_OBJC_IMPLICIT_RETAIN_SELF = YES;
				CLANG_WARN_OBJC_LITERAL_CONVERSION = YES;
				CLANG_WARN_OBJC_ROOT_CLASS = YES_ERROR;
				CLANG_WARN_QUOTED_INCLUDE_IN_FRAMEWORK_HEADER = YES;
				CLANG_WARN_RANGE_LOOP_ANALYSIS = YES;
				CLANG_WARN_STRICT_PROTOTYPES = YES;
				CLANG_WARN_SUSPICIOUS_MOVE = YES;
				CLANG_WARN_UNGUARDED_AVAILABILITY = YES_AGGRESSIVE;
				CLANG_WARN_UNREACHABLE_CODE = YES;
				CLANG_WARN__DUPLICATE_METHOD_MATCH = YES;
				COPY_PHASE_STRIP = NO;
				DEBUG_INFORMATION_FORMAT = "dwarf-with-dsym";
				ENABLE_NS_ASSERTIONS = NO;
				ENABLE_STRICT_OBJC_MSGSEND = YES;
				ENABLE_USER_SCRIPT_SANDBOXING = YES;
				GCC_C_LANGUAGE_STANDARD = gnu17;
				GCC_NO_COMMON_BLOCKS = YES;
				GCC_WARN_64_TO_32_BIT_CONVERSION = YES;
				GCC_WARN_ABOUT_RETURN_TYPE = YES_ERROR;
				GCC_WARN_UNDECLARED_SELECTOR = YES;
				GCC_WARN_UNINITIALIZED_AUTOS = YES_AGGRESSIVE;
				GCC_WARN_UNUSED_FUNCTION = YES;
				GCC_WARN_UNUSED_VARIABLE = YES;
				IPHONEOS_DEPLOYMENT_TARGET = 17.2;
				LOCALIZATION_PREFERS_STRING_CATALOGS = YES;
				MTL_ENABLE_DEBUG_INFO = NO;
				MTL_FAST_MATH = YES;
				SDKROOT = iphoneos;
				SWIFT_COMPILATION_MODE = wholemodule;
				VALIDATE_PRODUCT = YES;
			};
			name = Release;
		};
		E2CF9F232C4EA7F200264734 /* Debug */ = {
			isa = XCBuildConfiguration;
			buildSettings = {
				ASSETCATALOG_COMPILER_APPICON_NAME = AppIcon;
				ASSETCATALOG_COMPILER_GLOBAL_ACCENT_COLOR_NAME = AccentColor;
				CODE_SIGN_STYLE = Automatic;
				CURRENT_PROJECT_VERSION = 1;
				DEVELOPMENT_TEAM = SD8XJ5V53F;
				GENERATE_INFOPLIST_FILE = YES;
				INFOPLIST_FILE = VK_WeatherApp/Info.plist;
				INFOPLIST_KEY_UIApplicationSupportsIndirectInputEvents = YES;
				INFOPLIST_KEY_UILaunchStoryboardName = LaunchScreen;
				INFOPLIST_KEY_UISupportedInterfaceOrientations_iPad = "UIInterfaceOrientationPortrait UIInterfaceOrientationPortraitUpsideDown UIInterfaceOrientationLandscapeLeft UIInterfaceOrientationLandscapeRight";
				INFOPLIST_KEY_UISupportedInterfaceOrientations_iPhone = "UIInterfaceOrientationPortrait UIInterfaceOrientationLandscapeLeft UIInterfaceOrientationLandscapeRight";
				LD_RUNPATH_SEARCH_PATHS = (
					"$(inherited)",
					"@executable_path/Frameworks",
				);
				MARKETING_VERSION = 1.0;
				PRODUCT_BUNDLE_IDENTIFIER = "Aida-Abdirakhman.VK-WeatherApp";
				PRODUCT_NAME = "$(TARGET_NAME)";
				SWIFT_EMIT_LOC_STRINGS = YES;
				SWIFT_VERSION = 5.0;
				TARGETED_DEVICE_FAMILY = "1,2";
			};
			name = Debug;
		};
		E2CF9F242C4EA7F200264734 /* Release */ = {
			isa = XCBuildConfiguration;
			buildSettings = {
				ASSETCATALOG_COMPILER_APPICON_NAME = AppIcon;
				ASSETCATALOG_COMPILER_GLOBAL_ACCENT_COLOR_NAME = AccentColor;
				CODE_SIGN_STYLE = Automatic;
				CURRENT_PROJECT_VERSION = 1;
				DEVELOPMENT_TEAM = SD8XJ5V53F;
				GENERATE_INFOPLIST_FILE = YES;
				INFOPLIST_FILE = VK_WeatherApp/Info.plist;
				INFOPLIST_KEY_UIApplicationSupportsIndirectInputEvents = YES;
				INFOPLIST_KEY_UILaunchStoryboardName = LaunchScreen;
				INFOPLIST_KEY_UISupportedInterfaceOrientations_iPad = "UIInterfaceOrientationPortrait UIInterfaceOrientationPortraitUpsideDown UIInterfaceOrientationLandscapeLeft UIInterfaceOrientationLandscapeRight";
				INFOPLIST_KEY_UISupportedInterfaceOrientations_iPhone = "UIInterfaceOrientationPortrait UIInterfaceOrientationLandscapeLeft UIInterfaceOrientationLandscapeRight";
				LD_RUNPATH_SEARCH_PATHS = (
					"$(inherited)",
					"@executable_path/Frameworks",
				);
				MARKETING_VERSION = 1.0;
				PRODUCT_BUNDLE_IDENTIFIER = "Aida-Abdirakhman.VK-WeatherApp";
				PRODUCT_NAME = "$(TARGET_NAME)";
				SWIFT_EMIT_LOC_STRINGS = YES;
				SWIFT_VERSION = 5.0;
				TARGETED_DEVICE_FAMILY = "1,2";
			};
			name = Release;
		};
/* End XCBuildConfiguration section */

/* Begin XCConfigurationList section */
		E2CF9F092C4EA7F000264734 /* Build configuration list for PBXProject "VK_WeatherApp" */ = {
			isa = XCConfigurationList;
			buildConfigurations = (
				E2CF9F202C4EA7F200264734 /* Debug */,
				E2CF9F212C4EA7F200264734 /* Release */,
			);
			defaultConfigurationIsVisible = 0;
			defaultConfigurationName = Release;
		};
		E2CF9F222C4EA7F200264734 /* Build configuration list for PBXNativeTarget "VK_WeatherApp" */ = {
			isa = XCConfigurationList;
			buildConfigurations = (
				E2CF9F232C4EA7F200264734 /* Debug */,
				E2CF9F242C4EA7F200264734 /* Release */,
			);
			defaultConfigurationIsVisible = 0;
			defaultConfigurationName = Release;
		};
/* End XCConfigurationList section */
	};
	rootObject = E2CF9F062C4EA7F000264734 /* Project object */;
}
